{
  "name": "ml_temp",
  "version": "1.0.0",
  "lockfileVersion": 3,
  "requires": true,
  "packages": {
    "": {
      "name": "ml_temp",
      "version": "1.0.0",
      "license": "ISC",
      "dependencies": {
        "csv-parser": "^3.2.1",
        "ml-kmeans": "^7.0.0",
        "ml-pca": "^4.1.1"
      }
    },
    "node_modules/csv-parser": {
      "version": "3.2.1",
      "resolved": "https://registry.npmjs.org/csv-parser/-/csv-parser-3.2.1.tgz",
      "integrity": "sha512-v8RPMSglouR9od735SnwSxLBbCJqEPSbgm1R5qfr8yIiMUCEFjox56kRZid0SvgHJEkxeIEu3+a9QS3YRh7CuA==",
      "license": "MIT",
      "bin": {
        "csv-parser": "bin/csv-parser"
      },
      "engines": {
        "node": ">= 10"
      }
    },
    "node_modules/is-any-array": {
      "version": "3.0.0",
      "resolved": "https://registry.npmjs.org/is-any-array/-/is-any-array-3.0.0.tgz",
      "integrity": "sha512-o4h+tylWykC4BD1vaejp6gDxoM13bwW8FGuNs4yIKpj8xbBJcRxJx8vZpq0dCr7ZDEfeKjmsi/euolKhX6f/ww==",
      "license": "MIT"
    },
    "node_modules/ml-array-max": {
      "version": "2.0.0",
      "resolved": "https://registry.npmjs.org/ml-array-max/-/ml-array-max-2.0.0.tgz",
      "integrity": "sha512-QQZ4kENwpWmyNb98UXRDFXrmtIXuXtt1+bSbda/2KA85+F+rrJP8hZk6QOkCQXM2Th9mUDYdq/PNByPdT9ID4A==",
      "license": "MIT",
      "dependencies": {
        "is-any-array": "^3.0.0"
      }
    },
    "node_modules/ml-array-min": {
      "version": "2.0.0",
      "resolved": "https://registry.npmjs.org/ml-array-min/-/ml-array-min-2.0.0.tgz",
      "integrity": "sha512-GRj6Ky6sW9vGL6yIjgsHmXZ9YgrdmcQ8nCxPqEGeKc6dkfYg1XDYxGFxADUjNuZyoCd5PUscWAS4N+cFaX6hFg==",
      "license": "MIT",
      "dependencies": {
        "is-any-array": "^3.0.0"
      }
    },
    "node_modules/ml-array-rescale": {
      "version": "2.0.0",
      "resolved": "https://registry.npmjs.org/ml-array-rescale/-/ml-array-rescale-2.0.0.tgz",
      "integrity": "sha512-2GGtKfSno94/kIloWGvpp/U5Q5vLvLrza+SAaGsLeo6Xj4mEbA6Gqx+oTfZFkxnd1grT2X007HfJNs3T5BsiVg==",
      "license": "MIT",
      "dependencies": {
        "is-any-array": "^3.0.0",
        "ml-array-max": "^2.0.0",
        "ml-array-min": "^2.0.0"
      }
    },
    "node_modules/ml-distance-euclidean": {
      "version": "3.0.1",
      "resolved": "https://registry.npmjs.org/ml-distance-euclidean/-/ml-distance-euclidean-3.0.1.tgz",
      "integrity": "sha512-jEEu/1a73ArPmIiwOzrcah6TfhtV19dCKnnM7JvdR2xTzyVJFGgIIR78Vg8Pl9z2NVeSRoFOpzc0910sPMINsA==",
      "license": "MIT"
    },
    "node_modules/ml-kmeans": {
      "version": "7.0.0",
      "resolved": "https://registry.npmjs.org/ml-kmeans/-/ml-kmeans-7.0.0.tgz",
      "integrity": "sha512-Ud8x4YMURVgupAcuSxD9iwc/us4mqyryFnx08gjEGfAyP1iWlJSdBADD96PlpkpHUvRVDNEmk28euGQJZeuU7A==",
      "license": "MIT",
      "dependencies": {
        "ml-distance-euclidean": "^3.0.0",
        "ml-matrix": "^6.12.1",
        "ml-nearest-vector": "^3.0.0",
        "ml-random": "^2.0.0"
      }
    },
    "node_modules/ml-matrix": {
      "version": "6.12.2",
      "resolved": "https://registry.npmjs.org/ml-matrix/-/ml-matrix-6.12.2.tgz",
      "integrity": "sha512-GC+BnW+pBh8Auap8goAxY0senAmF0IEoc3HNVSfnfbvGw0buuDIYb9kAKMS1l+GiwJ1rfK2bzJ8IHhwjzATSFA==",
      "license": "MIT",
      "dependencies": {
        "is-any-array": "^3.0.0",
        "ml-array-rescale": "^2.0.0"
      }
    },
    "node_modules/ml-nearest-vector": {
      "version": "3.0.1",
      "resolved": "https://registry.npmjs.org/ml-nearest-vector/-/ml-nearest-vector-3.0.1.tgz",
      "integrity": "sha512-7UQ60sPS1Dpe6N6zuEsaL3nrUGHkaiSmjWcQHfMYFfV1dgp6TiPtv3ZtdLHwpf1jS0KQDSkw9pycJO1gYBiEoA==",
      "license": "MIT",
      "dependencies": {
        "ml-distance-euclidean": "^3.0.0"
      }
    },
    "node_modules/ml-pca": {
      "version": "4.1.1",
      "resolved": "https://registry.npmjs.org/ml-pca/-/ml-pca-4.1.1.tgz",
      "integrity": "sha512-HQwswMK1dObj+ppk3EPcQMR2djWK0Cri8mAFd2nITtXHkLfO4DBBsEtiCT5KiR+2e3hQjp+lI0UyqZpdf04AlQ==",
      "license": "MIT",
      "dependencies": {
        "ml-matrix": "^6.8.0"
      }
    },
    "node_modules/ml-random": {
      "version": "2.0.0",
      "resolved": "https://registry.npmjs.org/ml-random/-/ml-random-2.0.0.tgz",
      "integrity": "sha512-/ziHm0qyvsvwRy0y+EhmhTKbvq+9ghqf9UYSexKeyx8pp+9avDBLctYaopdTaJ1HU4qnJPEy7XH0CVeh9tHIgQ==",
      "license": "MIT",
      "dependencies": {
        "ml-xsadd": "^3.0.1"
      }
    },
    "node_modules/ml-xsadd": {
      "version": "3.0.1",
      "resolved": "https://registry.npmjs.org/ml-xsadd/-/ml-xsadd-3.0.1.tgz",
      "integrity": "sha512-Fz2q6dwgzGM8wYKGArTUTZDGa4lQFA2Vi6orjGeTVRy22ZnQFKlJuwS9n8NRviqz1KHAHAzdKJwbnYhdo38uYg==",
      "license": "MIT"
    }
  }
}
